
Microsoft Visual Studio Solution File, Format Version 12.00
# Visual Studio Version 17
VisualStudioVersion = 17.0.31912.275
MinimumVisualStudioVersion = 10.0.40219.1
Project("{FAE04EC0-301F-11D3-BF4B-00C04F79EFBC}") = "NwsAlerts", "NwsAlerts\NwsAlerts.csproj", "{B81BAAA3-9B08-4318-98DD-7FE0ABF21AE2}"
EndProject
Project("{FAE04EC0-301F-11D3-BF4B-00C04F79EFBC}") = "NwsAlertApi", "NwsAlertApi\NwsAlertApi.csproj", "{618B2FD2-C1BA-41C1-8A41-745EE9B6927B}"
EndProject
Project("{FAE04EC0-301F-11D3-BF4B-00C04F79EFBC}") = "AlertCrawl", "AlertCrawl\AlertCrawl.csproj", "{A51655BA-D361-404F-9657-4ECE424285D1}"
EndProject
Project("{7CF6DF6D-3B04-46F8-A40B-537D21BCA0B4}") = "NWSAlertApiDocumentation", "NWSAlertApiDocumentation\NWSAlertApiDocumentation.shfbproj", "{7166BD91-CA9C-48CF-8F00-CEF39A995496}"
EndProject
Global
	GlobalSection(SolutionConfigurationPlatforms) = preSolution
		Debug|Any CPU = Debug|Any CPU
		Release|Any CPU = Release|Any CPU
	EndGlobalSection
	GlobalSection(ProjectConfigurationPlatforms) = postSolution
		{B81BAAA3-9B08-4318-98DD-7FE0ABF21AE2}.Debug|Any CPU.ActiveCfg = Debug|Any CPU
		{B81BAAA3-9B08-4318-98DD-7FE0ABF21AE2}.Debug|Any CPU.Build.0 = Debug|Any CPU
		{B81BAAA3-9B08-4318-98DD-7FE0ABF21AE2}.Release|Any CPU.ActiveCfg = Release|Any CPU
		{B81BAAA3-9B08-4318-98DD-7FE0ABF21AE2}.Release|Any CPU.Build.0 = Release|Any CPU
		{618B2FD2-C1BA-41C1-8A41-745EE9B6927B}.Debug|Any CPU.ActiveCfg = Debug|Any CPU
		{618B2FD2-C1BA-41C1-8A41-745EE9B6927B}.Debug|Any CPU.Build.0 = Debug|Any CPU
		{618B2FD2-C1BA-41C1-8A41-745EE9B6927B}.Release|Any CPU.ActiveCfg = Release|Any CPU
		{618B2FD2-C1BA-41C1-8A41-745EE9B6927B}.Release|Any CPU.Build.0 = Release|Any CPU
		{A51655BA-D361-404F-9657-4ECE424285D1}.Debug|Any CPU.ActiveCfg = Debug|Any CPU
		{A51655BA-D361-404F-9657-4ECE424285D1}.Debug|Any CPU.Build.0 = Debug|Any CPU
		{A51655BA-D361-404F-9657-4ECE424285D1}.Release|Any CPU.ActiveCfg = Release|Any CPU
		{A51655BA-D361-404F-9657-4ECE424285D1}.Release|Any CPU.Build.0 = Release|Any CPU
		{7166BD91-CA9C-48CF-8F00-CEF39A995496}.Debug|Any CPU.ActiveCfg = Debug|Any CPU
		{7166BD91-CA9C-48CF-8F00-CEF39A995496}.Debug|Any CPU.Build.0 = Debug|Any CPU
		{7166BD91-CA9C-48CF-8F00-CEF39A995496}.Release|Any CPU.ActiveCfg = Release|Any CPU
		{7166BD91-CA9C-48CF-8F00-CEF39A995496}.Release|Any CPU.Build.0 = Release|Any CPU
	EndGlobalSection
	GlobalSection(SolutionProperties) = preSolution
		HideSolutionNode = FALSE
	EndGlobalSection
	GlobalSection(ExtensibilityGlobals) = postSolution
		SolutionGuid = {1495264F-4F0E-418D-AF9D-5550C25B0932}
	EndGlobalSection
EndGlobal
